// !$*UTF8*$!
{
	archiveVersion = 1;
	classes = {
	};
	objectVersion = 50;
	objects = {

/* Begin PBXBuildFile section */
		2B45C67A21E96D380095AF35 /* AppDelegate.swift in Sources */ = {isa = PBXBuildFile; fileRef = 2B45C67921E96D380095AF35 /* AppDelegate.swift */; };
		2B45C67C21E96D380095AF35 /* art.scnassets in Resources */ = {isa = PBXBuildFile; fileRef = 2B45C67B21E96D380095AF35 /* art.scnassets */; };
		2B45C67E21E96D380095AF35 /* ViewController.swift in Sources */ = {isa = PBXBuildFile; fileRef = 2B45C67D21E96D380095AF35 /* ViewController.swift */; };
		2B45C68121E96D380095AF35 /* Main.storyboard in Resources */ = {isa = PBXBuildFile; fileRef = 2B45C67F21E96D380095AF35 /* Main.storyboard */; };
		2B45C68321E96D390095AF35 /* Assets.xcassets in Resources */ = {isa = PBXBuildFile; fileRef = 2B45C68221E96D390095AF35 /* Assets.xcassets */; };
		2B45C68621E96D390095AF35 /* LaunchScreen.storyboard in Resources */ = {isa = PBXBuildFile; fileRef = 2B45C68421E96D390095AF35 /* LaunchScreen.storyboard */; };
		2B45C68E21E96E020095AF35 /* arduinoInfo.sks in Resources */ = {isa = PBXBuildFile; fileRef = 2B45C68D21E96E020095AF35 /* arduinoInfo.sks */; };
/* End PBXBuildFile section */

/* Begin PBXFileReference section */
		2B45C67621E96D380095AF35 /* ARduino.app */ = {isa = PBXFileReference; explicitFileType = wrapper.application; includeInIndex = 0; path = ARduino.app; sourceTree = BUILT_PRODUCTS_DIR; };
		2B45C67921E96D380095AF35 /* AppDelegate.swift */ = {isa = PBXFileReference; lastKnownFileType = sourcecode.swift; path = AppDelegate.swift; sourceTree = "<group>"; };
		2B45C67B21E96D380095AF35 /* art.scnassets */ = {isa = PBXFileReference; lastKnownFileType = wrapper.scnassets; path = art.scnassets; sourceTree = "<group>"; };
		2B45C67D21E96D380095AF35 /* ViewController.swift */ = {isa = PBXFileReference; lastKnownFileType = sourcecode.swift; path = ViewController.swift; sourceTree = "<group>"; };
		2B45C68021E96D380095AF35 /* Base */ = {isa = PBXFileReference; lastKnownFileType = file.storyboard; name = Base; path = Base.lproj/Main.storyboard; sourceTree = "<group>"; };
		2B45C68221E96D390095AF35 /* Assets.xcassets */ = {isa = PBXFileReference; lastKnownFileType = folder.assetcatalog; path = Assets.xcassets; sourceTree = "<group>"; };
		2B45C68521E96D390095AF35 /* Base */ = {isa = PBXFileReference; lastKnownFileType = file.storyboard; name = Base; path = Base.lproj/LaunchScreen.storyboard; sourceTree = "<group>"; };
		2B45C68721E96D390095AF35 /* Info.plist */ = {isa = PBXFileReference; lastKnownFileType = text.plist.xml; path = Info.plist; sourceTree = "<group>"; };
		2B45C68D21E96E020095AF35 /* arduinoInfo.sks */ = {isa = PBXFileReference; lastKnownFileType = file.sks; path = arduinoInfo.sks; sourceTree = "<group>"; };
/* End PBXFileReference section */

/* Begin PBXFrameworksBuildPhase section */
		2B45C67321E96D380095AF35 /* Frameworks */ = {
			isa = PBXFrameworksBuildPhase;
			buildActionMask = 2147483647;
			files = (
			);
			runOnlyForDeploymentPostprocessing = 0;
		};
/* End PBXFrameworksBuildPhase section */

/* Begin PBXGroup section */
		2B45C66D21E96D370095AF35 = {
			isa = PBXGroup;
			children = (
				2B45C67821E96D380095AF35 /* ARduino */,
				2B45C67721E96D380095AF35 /* Products */,
			);
			sourceTree = "<group>";
		};
		2B45C67721E96D380095AF35 /* Products */ = {
			isa = PBXGroup;
			children = (
				2B45C67621E96D380095AF35 /* ARduino.app */,
			);
			name = Products;
			sourceTree = "<group>";
		};
		2B45C67821E96D380095AF35 /* ARduino */ = {
			isa = PBXGroup;
			children = (
				2B45C67921E96D380095AF35 /* AppDelegate.swift */,
				2B45C67B21E96D380095AF35 /* art.scnassets */,
				2B45C67D21E96D380095AF35 /* ViewController.swift */,
				2B45C68D21E96E020095AF35 /* arduinoInfo.sks */,
				2B45C67F21E96D380095AF35 /* Main.storyboard */,
				2B45C68221E96D390095AF35 /* Assets.xcassets */,
				2B45C68421E96D390095AF35 /* LaunchScreen.storyboard */,
				2B45C68721E96D390095AF35 /* Info.plist */,
			);
			path = ARduino;
			sourceTree = "<group>";
		};
/* End PBXGroup section */

/* Begin PBXNativeTarget section */
		2B45C67521E96D380095AF35 /* ARduino */ = {
			isa = PBXNativeTarget;
			buildConfigurationList = 2B45C68A21E96D390095AF35 /* Build configuration list for PBXNativeTarget "ARduino" */;
			buildPhases = (
				2B45C67221E96D380095AF35 /* Sources */,
				2B45C67321E96D380095AF35 /* Frameworks */,
				2B45C67421E96D380095AF35 /* Resources */,
			);
			buildRules = (
			);
			dependencies = (
			);
			name = ARduino;
			productName = ARduino;
			productReference = 2B45C67621E96D380095AF35 /* ARduino.app */;
			productType = "com.apple.product-type.application";
		};
/* End PBXNativeTarget section */

/* Begin PBXProject section */
		2B45C66E21E96D370095AF35 /* Project object */ = {
			isa = PBXProject;
			attributes = {
				LastSwiftUpdateCheck = 1010;
				LastUpgradeCheck = 1010;
				ORGANIZATIONNAME = Edward;
				TargetAttributes = {
					2B45C67521E96D380095AF35 = {
						CreatedOnToolsVersion = 10.1;
					};
				};
			};
			buildConfigurationList = 2B45C67121E96D370095AF35 /* Build configuration list for PBXProject "ARduino" */;
			compatibilityVersion = "Xcode 9.3";
			developmentRegion = en;
			hasScannedForEncodings = 0;
			knownRegions = (
				en,
				Base,
			);
			mainGroup = 2B45C66D21E96D370095AF35;
			productRefGroup = 2B45C67721E96D380095AF35 /* Products */;
			projectDirPath = "";
			projectRoot = "";
			targets = (
				2B45C67521E96D380095AF35 /* ARduino */,
			);
		};
/* End PBXProject section */

/* Begin PBXResourcesBuildPhase section */
		2B45C67421E96D380095AF35 /* Resources */ = {
			isa = PBXResourcesBuildPhase;
			buildActionMask = 2147483647;
			files = (
				2B45C67C21E96D380095AF35 /* art.scnassets in Resources */,
				2B45C68621E96D390095AF35 /* LaunchScreen.storyboard in Resources */,
				2B45C68E21E96E020095AF35 /* arduinoInfo.sks in Resources */,
				2B45C68321E96D390095AF35 /* Assets.xcassets in Resources */,
				2B45C68121E96D380095AF35 /* Main.storyboard in Resources */,
			);
			runOnlyForDeploymentPostprocessing = 0;
		};
/* End PBXResourcesBuildPhase section */

/* Begin PBXSourcesBuildPhase section */
		2B45C67221E96D380095AF35 /* Sources */ = {
			isa = PBXSourcesBuildPhase;
			buildActionMask = 2147483647;
			files = (
				2B45C67E21E96D380095AF35 /* ViewController.swift in Sources */,
				2B45C67A21E96D380095AF35 /* AppDelegate.swift in Sources */,
			);
			runOnlyForDeploymentPostprocessing = 0;
		};
/* End PBXSourcesBuildPhase section */

/* Begin PBXVariantGroup section */
		2B45C67F21E96D380095AF35 /* Main.storyboard */ = {
			isa = PBXVariantGroup;
			children = (
				2B45C68021E96D380095AF35 /* Base */,
			);
			name = Main.storyboard;
			sourceTree = "<group>";
		};
		2B45C68421E96D390095AF35 /* LaunchScreen.storyboard */ = {
			isa = PBXVariantGroup;
			children = (
				2B45C68521E96D390095AF35 /* Base */,
			);
			name = LaunchScreen.storyboard;
			sourceTree = "<group>";
		};
/* End PBXVariantGroup section */

/* Begin XCBuildConfiguration section */
		2B45C68821E96D390095AF35 /* Debug */ = {
			isa = XCBuildConfiguration;
			buildSettings = {
				ALWAYS_SEARCH_USER_PATHS = NO;
				CLANG_ANALYZER_NONNULL = YES;
				CLANG_ANALYZER_NUMBER_OBJECT_CONVERSION = YES_AGGRESSIVE;
				CLANG_CXX_LANGUAGE_STANDARD = "gnu++14";
				CLANG_CXX_LIBRARY = "libc++";
				CLANG_ENABLE_MODULES = YES;
				CLANG_ENABLE_OBJC_ARC = YES;
				CLANG_ENABLE_OBJC_WEAK = YES;
				CLANG_WARN_BLOCK_CAPTURE_AUTORELEASING = YES;
				CLANG_WARN_BOOL_CONVERSION = YES;
				CLANG_WARN_COMMA = YES;
				CLANG_WARN_CONSTANT_CONVERSION = YES;
				CLANG_WARN_DEPRECATED_OBJC_IMPLEMENTATIONS = YES;
				CLANG_WARN_DIRECT_OBJC_ISA_USAGE = YES_ERROR;
				CLANG_WARN_DOCUMENTATION_COMMENTS = YES;
				CLANG_WARN_EMPTY_BODY = YES;
				CLANG_WARN_ENUM_CONVERSION = YES;
				CLANG_WARN_INFINITE_RECURSION = YES;
				CLANG_WARN_INT_CONVERSION = YES;
				CLANG_WARN_NON_LITERAL_NULL_CONVERSION = YES;
				CLANG_WARN_OBJC_IMPLICIT_RETAIN_SELF = YES;
				CLANG_WARN_OBJC_LITERAL_CONVERSION = YES;
				CLANG_WARN_OBJC_ROOT_CLASS = YES_ERROR;
				CLANG_WARN_RANGE_LOOP_ANALYSIS = YES;
				CLANG_WARN_STRICT_PROTOTYPES = YES;
				CLANG_WARN_SUSPICIOUS_MOVE = YES;
				CLANG_WARN_UNGUARDED_AVAILABILITY = YES_AGGRESSIVE;
				CLANG_WARN_UNREACHABLE_CODE = YES;
				CLANG_WARN__DUPLICATE_METHOD_MATCH = YES;
				CODE_SIGN_IDENTITY = "iPhone Developer";
				COPY_PHASE_STRIP = NO;
				DEBUG_INFORMATION_FORMAT = dwarf;
				ENABLE_STRICT_OBJC_MSGSEND = YES;
				ENABLE_TESTABILITY = YES;
				GCC_C_LANGUAGE_STANDARD = gnu11;
				GCC_DYNAMIC_NO_PIC = NO;
				GCC_NO_COMMON_BLOCKS = YES;
				GCC_OPTIMIZATION_LEVEL = 0;
				GCC_PREPROCESSOR_DEFINITIONS = (
					"DEBUG=1",
					"$(inherited)",
				);
				GCC_WARN_64_TO_32_BIT_CONVERSION = YES;
				GCC_WARN_ABOUT_RETURN_TYPE = YES_ERROR;
				GCC_WARN_UNDECLARED_SELECTOR = YES;
				GCC_WARN_UNINITIALIZED_AUTOS = YES_AGGRESSIVE;
				GCC_WARN_UNUSED_FUNCTION = YES;
				GCC_WARN_UNUSED_VARIABLE = YES;
				IPHONEOS_DEPLOYMENT_TARGET = 12.1;
				MTL_ENABLE_DEBUG_INFO = INCLUDE_SOURCE;
				MTL_FAST_MATH = YES;
				ONLY_ACTIVE_ARCH = YES;
				SDKROOT = iphoneos;
				SWIFT_ACTIVE_COMPILATION_CONDITIONS = DEBUG;
				SWIFT_OPTIMIZATION_LEVEL = "-Onone";
			};
			name = Debug;
		};
		2B45C68921E96D390095AF35 /* Release */ = {
			isa = XCBuildConfiguration;
			buildSettings = {
				ALWAYS_SEARCH_USER_PATHS = NO;
				CLANG_ANALYZER_NONNULL = YES;
				CLANG_ANALYZER_NUMBER_OBJECT_CONVERSION = YES_AGGRESSIVE;
				CLANG_CXX_LANGUAGE_STANDARD = "gnu++14";
				CLANG_CXX_LIBRARY = "libc++";
				CLANG_ENABLE_MODULES = YES;
				CLANG_ENABLE_OBJC_ARC = YES;
				CLANG_ENABLE_OBJC_WEAK = YES;
				CLANG_WARN_BLOCK_CAPTURE_AUTORELEASING = YES;
				CLANG_WARN_BOOL_CONVERSION = YES;
				CLANG_WARN_COMMA = YES;
				CLANG_WARN_CONSTANT_CONVERSION = YES;
				CLANG_WARN_DEPRECATED_OBJC_IMPLEMENTATIONS = YES;
				CLANG_WARN_DIRECT_OBJC_ISA_USAGE = YES_ERROR;
				CLANG_WARN_DOCUMENTATION_COMMENTS = YES;
				CLANG_WARN_EMPTY_BODY = YES;
				CLANG_WARN_ENUM_CONVERSION = YES;
				CLANG_WARN_INFINITE_RECURSION = YES;
				CLANG_WARN_INT_CONVERSION = YES;
				CLANG_WARN_NON_LITERAL_NULL_CONVERSION = YES;
				CLANG_WARN_OBJC_IMPLICIT_RETAIN_SELF = YES;
				CLANG_WARN_OBJC_LITERAL_CONVERSION = YES;
				CLANG_WARN_OBJC_ROOT_CLASS = YES_ERROR;
				CLANG_WARN_RANGE_LOOP_ANALYSIS = YES;
				CLANG_WARN_STRICT_PROTOTYPES = YES;
				CLANG_WARN_SUSPICIOUS_MOVE = YES;
				CLANG_WARN_UNGUARDED_AVAILABILITY = YES_AGGRESSIVE;
				CLANG_WARN_UNREACHABLE_CODE = YES;
				CLANG_WARN__DUPLICATE_METHOD_MATCH = YES;
				CODE_SIGN_IDENTITY = "iPhone Developer";
				COPY_PHASE_STRIP = NO;
				DEBUG_INFORMATION_FORMAT = "dwarf-with-dsym";
				ENABLE_NS_ASSERTIONS = NO;
				ENABLE_STRICT_OBJC_MSGSEND = YES;
				GCC_C_LANGUAGE_STANDARD = gnu11;
				GCC_NO_COMMON_BLOCKS = YES;
				GCC_WARN_64_TO_32_BIT_CONVERSION = YES;
				GCC_WARN_ABOUT_RETURN_TYPE = YES_ERROR;
				GCC_WARN_UNDECLARED_SELECTOR = YES;
				GCC_WARN_UNINITIALIZED_AUTOS = YES_AGGRESSIVE;
				GCC_WARN_UNUSED_FUNCTION = YES;
				GCC_WARN_UNUSED_VARIABLE = YES;
				IPHONEOS_DEPLOYMENT_TARGET = 12.1;
				MTL_ENABLE_DEBUG_INFO = NO;
				MTL_FAST_MATH = YES;
				SDKROOT = iphoneos;
				SWIFT_COMPILATION_MODE = wholemodule;
				SWIFT_OPTIMIZATION_LEVEL = "-O";
				VALIDATE_PRODUCT = YES;
			};
			name = Release;
		};
		2B45C68B21E96D390095AF35 /* Debug */ = {
			isa = XCBuildConfiguration;
			buildSettings = {
				ASSETCATALOG_COMPILER_APPICON_NAME = AppIcon;
				CODE_SIGN_STYLE = Automatic;
				DEVELOPMENT_TEAM = LYJSRZED64;
				INFOPLIST_FILE = ARduino/Info.plist;
				LD_RUNPATH_SEARCH_PATHS = (
					"$(inherited)",
					"@executable_path/Frameworks",
				);
				PRODUCT_BUNDLE_IDENTIFIER = com.EdwardLu.ARduino;
				PRODUCT_NAME = "$(TARGET_NAME)";
				SWIFT_VERSION = 4.2;
				TARGETED_DEVICE_FAMILY = "1,2";
			};
			name = Debug;
		};
		2B45C68C21E96D390095AF35 /* Release */ = {
			isa = XCBuildConfiguration;
			buildSettings = {
				ASSETCATALOG_COMPILER_APPICON_NAME = AppIcon;
				CODE_SIGN_STYLE = Automatic;
				DEVELOPMENT_TEAM = LYJSRZED64;
				INFOPLIST_FILE = ARduino/Info.plist;
				LD_RUNPATH_SEARCH_PATHS = (
					"$(inherited)",
					"@executable_path/Frameworks",
				);
				PRODUCT_BUNDLE_IDENTIFIER = com.EdwardLu.ARduino;
				PRODUCT_NAME = "$(TARGET_NAME)";
				SWIFT_VERSION = 4.2;
				TARGETED_DEVICE_FAMILY = "1,2";
			};
			name = Release;
		};
/* End XCBuildConfiguration section */

/* Begin XCConfigurationList section */
		2B45C67121E96D370095AF35 /* Build configuration list for PBXProject "ARduino" */ = {
			isa = XCConfigurationList;
			buildConfigurations = (
				2B45C68821E96D390095AF35 /* Debug */,
				2B45C68921E96D390095AF35 /* Release */,
			);
			defaultConfigurationIsVisible = 0;
			defaultConfigurationName = Release;
		};
		2B45C68A21E96D390095AF35 /* Build configuration list for PBXNativeTarget "ARduino" */ = {
			isa = XCConfigurationList;
			buildConfigurations = (
				2B45C68B21E96D390095AF35 /* Debug */,
				2B45C68C21E96D390095AF35 /* Release */,
			);
			defaultConfigurationIsVisible = 0;
			defaultConfigurationName = Release;
		};
/* End XCConfigurationList section */
	};
	rootObject = 2B45C66E21E96D370095AF35 /* Project object */;
}
